{
    "_meta": {
        "hash": {
            "sha256": "1d63f06956d6a82631d759c82b4abdeed26bf11c2cc5cfd2e56902e150787547"
        },
        "host-environment-markers": {
            "implementation_name": "cpython",
            "implementation_version": "3.6.4",
            "os_name": "posix",
            "platform_machine": "x86_64",
            "platform_python_implementation": "CPython",
            "platform_release": "17.5.0",
            "platform_system": "Darwin",
            "platform_version": "Darwin Kernel Version 17.5.0: Fri Apr 13 19:32:32 PDT 2018; root:xnu-4570.51.2~1/RELEASE_X86_64",
            "python_full_version": "3.6.4",
            "python_version": "3.6",
            "sys_platform": "darwin"
        },
        "pipfile-spec": 6,
        "requires": {
            "python_version": "3.6"
        },
        "sources": [
            {
                "name": "pypi",
                "url": "https://pypi.org/simple",
                "verify_ssl": true
            }
        ]
    },
    "default": {
        "backports.ssl-match-hostname": {
            "hashes": [],
            "markers": "python_version < '3.5'",
            "version": "==3.5.0.1"
        },
        "certifi": {
            "hashes": [],
            "version": "==2018.4.16"
        },
        "chardet": {
            "hashes": [],
            "version": "==3.0.4"
        },
        "django": {
            "hashes": [],
            "version": "==2.0.5"
        },
        "django-crispy-forms": {
            "hashes": [],
            "version": "==1.7.2"
        },
        "django-formtools": {
            "hashes": [],
            "version": "==2.1"
        },
        "docker": {
            "hashes": [],
            "version": "==3.3.0"
        },
        "docker-pycreds": {
            "hashes": [],
            "version": "==0.2.3"
        },
        "docxtpl": {
            "hashes": [],
            "version": "==0.4.11"
        },
        "idna": {
            "hashes": [],
            "version": "==2.6"
        },
        "ipaddress": {
            "hashes": [],
            "markers": "python_version < '3.3'",
            "version": "==1.0.22"
        },
        "jinja2": {
            "hashes": [],
            "version": "==2.10"
        },
        "lxml": {
            "hashes": [],
            "version": "==4.2.1"
        },
        "markupsafe": {
            "hashes": [],
            "version": "==1.0"
        },
        "psycopg2-binary": {
            "hashes": [],
            "version": "==2.7.4"
        },
        "python-docx": {
            "hashes": [],
            "version": "==0.8.6"
        },
        "pytz": {
            "hashes": [],
            "version": "==2018.4"
        },
        "requests": {
            "hashes": [],
            "version": "==2.18.4"
        },
        "six": {
            "hashes": [],
            "version": "==1.11.0"
        },
        "urllib3": {
            "hashes": [],
            "version": "==1.22"
        },
        "websocket-client": {
            "hashes": [],
            "version": "==0.48.0"
        }
    },
    "develop": {
        "astroid": {
            "hashes": [],
            "version": "==1.6.4"
        },
        "backports.functools-lru-cache": {
            "hashes": [],
            "markers": "python_version < '3.4'",
            "version": "==1.5"
        },
        "configparser": {
            "hashes": [],
            "version": "==3.5.0"
        },
        "enum34": {
            "hashes": [],
            "markers": "python_version < '3.4'",
            "version": "==1.1.6"
        },
        "futures": {
            "hashes": [],
            "version": "==3.1.1"
        },
        "isort": {
            "hashes": [],
            "version": "==4.3.4"
        },
        "lazy-object-proxy": {
            "hashes": [],
            "version": "==1.3.1"
        },
        "mccabe": {
            "hashes": [],
            "version": "==0.6.1"
        },
        "pylint": {
            "hashes": [],
            "version": "==1.9.1"
        },
        "singledispatch": {
            "hashes": [],
            "markers": "python_version < '3.4'",
            "version": "==3.4.0.3"
        },
        "six": {
            "hashes": [],
            "version": "==1.11.0"
        },
        "wrapt": {
            "hashes": [],
            "version": "==1.10.11"
        }
    }
}
